
Microsoft Visual Studio Solution File, Format Version 12.00
# Visual Studio Version 16
VisualStudioVersion = 16.0.32630.194
MinimumVisualStudioVersion = 10.0.40219.1
Project("{9A19103F-16F7-4668-BE54-9A1E7A4F7556}") = "Trello", "Trello.csproj", "{7FD54C57-58A9-4A02-896A-90062DEAEE06}"
EndProject
Global
	GlobalSection(SolutionConfigurationPlatforms) = preSolution
		Debug|Any CPU = Debug|Any CPU
		Release|Any CPU = Release|Any CPU
	EndGlobalSection
	GlobalSection(ProjectConfigurationPlatforms) = postSolution
		{7FD54C57-58A9-4A02-896A-90062DEAEE06}.Debug|Any CPU.ActiveCfg = Debug|Any CPU
		{7FD54C57-58A9-4A02-896A-90062DEAEE06}.Debug|Any CPU.Build.0 = Debug|Any CPU
		{7FD54C57-58A9-4A02-896A-90062DEAEE06}.Release|Any CPU.ActiveCfg = Release|Any CPU
		{7FD54C57-58A9-4A02-896A-90062DEAEE06}.Release|Any CPU.Build.0 = Release|Any CPU
	EndGlobalSection
	GlobalSection(SolutionProperties) = preSolution
		HideSolutionNode = FALSE
	EndGlobalSection
	GlobalSection(ExtensibilityGlobals) = postSolution
		SolutionGuid = {1EAC9E99-C366-4B57-950B-034CAC081539}
	EndGlobalSection
EndGlobal
